
Microsoft Visual Studio Solution File, Format Version 12.00
# Visual Studio Version 17
VisualStudioVersion = 17.3.32922.545
MinimumVisualStudioVersion = 10.0.40219.1
Project("{FAE04EC0-301F-11D3-BF4B-00C04F79EFBC}") = "AgendaEF_CF", "AgendaEF_CF\AgendaEF_CF.csproj", "{40ADEE3C-0BA2-4D08-860A-6019F80F4607}"
EndProject
Global
	GlobalSection(SolutionConfigurationPlatforms) = preSolution
		Debug|Any CPU = Debug|Any CPU
		Release|Any CPU = Release|Any CPU
	EndGlobalSection
	GlobalSection(ProjectConfigurationPlatforms) = postSolution
		{40ADEE3C-0BA2-4D08-860A-6019F80F4607}.Debug|Any CPU.ActiveCfg = Debug|Any CPU
		{40ADEE3C-0BA2-4D08-860A-6019F80F4607}.Debug|Any CPU.Build.0 = Debug|Any CPU
		{40ADEE3C-0BA2-4D08-860A-6019F80F4607}.Release|Any CPU.ActiveCfg = Release|Any CPU
		{40ADEE3C-0BA2-4D08-860A-6019F80F4607}.Release|Any CPU.Build.0 = Release|Any CPU
	EndGlobalSection
	GlobalSection(SolutionProperties) = preSolution
		HideSolutionNode = FALSE
	EndGlobalSection
	GlobalSection(ExtensibilityGlobals) = postSolution
		SolutionGuid = {DD26AC47-2913-41EA-BDDC-8BA51E13F4EF}
	EndGlobalSection
EndGlobal
